
Microsoft Visual Studio Solution File, Format Version 12.00
# Visual Studio Version 17
VisualStudioVersion = 17.8.34316.72
MinimumVisualStudioVersion = 10.0.40219.1
Project("{FAE04EC0-301F-11D3-BF4B-00C04F79EFBC}") = "DisconnectedAdoNetDemo", "DisconnectedAdoNetDemo\DisconnectedAdoNetDemo.csproj", "{19316ED7-BB28-4E6B-B452-04B27217BB0A}"
	ProjectSection(ProjectDependencies) = postProject
		{5E8120F7-2F69-416A-8EDB-8EC5E2F72CE0} = {5E8120F7-2F69-416A-8EDB-8EC5E2F72CE0}
	EndProjectSection
EndProject
Project("{FAE04EC0-301F-11D3-BF4B-00C04F79EFBC}") = "DisconnectedLibrary", "DisconnectedLibrary\DisconnectedLibrary.csproj", "{5E8120F7-2F69-416A-8EDB-8EC5E2F72CE0}"
EndProject
Global
	GlobalSection(SolutionConfigurationPlatforms) = preSolution
		Debug|Any CPU = Debug|Any CPU
		Release|Any CPU = Release|Any CPU
	EndGlobalSection
	GlobalSection(ProjectConfigurationPlatforms) = postSolution
		{19316ED7-BB28-4E6B-B452-04B27217BB0A}.Debug|Any CPU.ActiveCfg = Debug|Any CPU
		{19316ED7-BB28-4E6B-B452-04B27217BB0A}.Debug|Any CPU.Build.0 = Debug|Any CPU
		{19316ED7-BB28-4E6B-B452-04B27217BB0A}.Release|Any CPU.ActiveCfg = Release|Any CPU
		{19316ED7-BB28-4E6B-B452-04B27217BB0A}.Release|Any CPU.Build.0 = Release|Any CPU
		{5E8120F7-2F69-416A-8EDB-8EC5E2F72CE0}.Debug|Any CPU.ActiveCfg = Debug|Any CPU
		{5E8120F7-2F69-416A-8EDB-8EC5E2F72CE0}.Debug|Any CPU.Build.0 = Debug|Any CPU
		{5E8120F7-2F69-416A-8EDB-8EC5E2F72CE0}.Release|Any CPU.ActiveCfg = Release|Any CPU
		{5E8120F7-2F69-416A-8EDB-8EC5E2F72CE0}.Release|Any CPU.Build.0 = Release|Any CPU
	EndGlobalSection
	GlobalSection(SolutionProperties) = preSolution
		HideSolutionNode = FALSE
	EndGlobalSection
	GlobalSection(ExtensibilityGlobals) = postSolution
		SolutionGuid = {FFBCB460-6C17-4580-A55A-39A97B4686A4}
	EndGlobalSection
EndGlobal
